{
    "_readme": [
        "This file locks the dependencies of your project to a known state",
        "Read more about it at https://getcomposer.org/doc/01-basic-usage.md#composer-lock-the-lock-file",
        "This file is @generated automatically"
    ],
    "content-hash": "5a4a4dbcbaf27b1dc79283d3905c6561",
    "packages": [
        {
            "name": "i3bepb/lib",
            "version": "dev-master",
            "target-dir": "i3bepb",
            "source": {
                "type": "git",
                "url": "https://github.com/i3bepb/lib",
                "reference": "8b2ff873d9b94bcbbd6119eeeafd5c8e6776e247"
            },
            "require": {
                "php": ">=5.3.0"
            },
            "type": "library",
            "autoload": {
                "psr-0": {
                    "i3bepb": ""
                }
            },
            "time": "2017-01-12T11:29:33+00:00"
        },
        {
            "name": "symfony/dotenv",
            "version": "v3.4.29",
            "source": {
                "type": "git",
                "url": "https://github.com/symfony/dotenv.git",
                "reference": "3f4fdfb551bf36f2017d75cd2e6490fbe67f9d2d"
            },
            "dist": {
                "type": "zip",
                "url": "https://api.github.com/repos/symfony/dotenv/zipball/3f4fdfb551bf36f2017d75cd2e6490fbe67f9d2d",
                "reference": "3f4fdfb551bf36f2017d75cd2e6490fbe67f9d2d",
                "shasum": ""
            },
            "require": {
                "php": "^5.5.9|>=7.0.8"
            },
            "require-dev": {
                "symfony/process": "~3.2|~4.0"
            },
            "type": "library",
            "extra": {
                "branch-alias": {
                    "dev-master": "3.4-dev"
                }
            },
            "autoload": {
                "psr-4": {
                    "Symfony\\Component\\Dotenv\\": ""
                },
                "exclude-from-classmap": [
                    "/Tests/"
                ]
            },
            "notification-url": "https://packagist.org/downloads/",
            "license": [
                "MIT"
            ],
            "authors": [
                {
                    "name": "Fabien Potencier",
                    "email": "fabien@symfony.com"
                },
                {
                    "name": "Symfony Community",
                    "homepage": "https://symfony.com/contributors"
                }
            ],
            "description": "Registers environment variables from a .env file",
            "homepage": "https://symfony.com",
            "keywords": [
                "dotenv",
                "env",
                "environment"
            ],
            "time": "2019-06-23T08:10:04+00:00"
        }
    ],
    "packages-dev": [],
    "aliases": [],
    "minimum-stability": "stable",
    "stability-flags": {
        "i3bepb/lib": 20
    },
    "prefer-stable": false,
    "prefer-lowest": false,
    "platform": [],
    "platform-dev": []
}
